// !$*UTF8*$!
{
	archiveVersion = 1;
	classes = {
	};
	objectVersion = 51;
	objects = {

/* Begin PBXBuildFile section */
		3E2273B4236AAC4200479E8D /* AppDelegate.swift in Sources */ = {isa = PBXBuildFile; fileRef = 3E2273B3236AAC4200479E8D /* AppDelegate.swift */; };
		3E2273B6236AAC4200479E8D /* SceneDelegate.swift in Sources */ = {isa = PBXBuildFile; fileRef = 3E2273B5236AAC4200479E8D /* SceneDelegate.swift */; };
		3E2273B8236AAC4200479E8D /* ViewController.swift in Sources */ = {isa = PBXBuildFile; fileRef = 3E2273B7236AAC4200479E8D /* ViewController.swift */; };
		3E2273BB236AAC4200479E8D /* Main.storyboard in Resources */ = {isa = PBXBuildFile; fileRef = 3E2273B9236AAC4200479E8D /* Main.storyboard */; };
		3E2273BD236AAC4300479E8D /* Assets.xcassets in Resources */ = {isa = PBXBuildFile; fileRef = 3E2273BC236AAC4300479E8D /* Assets.xcassets */; };
		3E2273C0236AAC4300479E8D /* LaunchScreen.storyboard in Resources */ = {isa = PBXBuildFile; fileRef = 3E2273BE236AAC4300479E8D /* LaunchScreen.storyboard */; };
		3E2273C8236AB26000479E8D /* CardView.swift in Sources */ = {isa = PBXBuildFile; fileRef = 3E2273C7236AB25F00479E8D /* CardView.swift */; };
		3EA46EF1236E82AA0032D43E /* GPSLocation.swift in Sources */ = {isa = PBXBuildFile; fileRef = 3EA46EF0236E82AA0032D43E /* GPSLocation.swift */; };
		3EA46EF4236E833A0032D43E /* FirebaseController.swift in Sources */ = {isa = PBXBuildFile; fileRef = 3EA46EF3236E833A0032D43E /* FirebaseController.swift */; };
		3EA46EF6236E83AD0032D43E /* DatabaseProtocol.swift in Sources */ = {isa = PBXBuildFile; fileRef = 3EA46EF5236E83AD0032D43E /* DatabaseProtocol.swift */; };
		3EA46EF8236E85150032D43E /* MulticastDelegate.swift in Sources */ = {isa = PBXBuildFile; fileRef = 3EA46EF7236E85150032D43E /* MulticastDelegate.swift */; };
		3EA46EFA236E9EB40032D43E /* LocationViewController.swift in Sources */ = {isa = PBXBuildFile; fileRef = 3EA46EF9236E9EB40032D43E /* LocationViewController.swift */; };
		3EA46EFC236EA3E10032D43E /* LocationAnnotation.swift in Sources */ = {isa = PBXBuildFile; fileRef = 3EA46EFB236EA3E10032D43E /* LocationAnnotation.swift */; };
		3EA46EFE236ED2200032D43E /* GoogleService-Info.plist in Resources */ = {isa = PBXBuildFile; fileRef = 3EA46EFD236ED2200032D43E /* GoogleService-Info.plist */; };
		3EA46F02237657770032D43E /* HistoryViewController.swift in Sources */ = {isa = PBXBuildFile; fileRef = 3EA46F01237657770032D43E /* HistoryViewController.swift */; };
		3EA46F062376650C0032D43E /* AlarmTableViewCell.swift in Sources */ = {isa = PBXBuildFile; fileRef = 3EA46F052376650C0032D43E /* AlarmTableViewCell.swift */; };
		3EA46F08237665520032D43E /* AlarmTableViewController.swift in Sources */ = {isa = PBXBuildFile; fileRef = 3EA46F07237665520032D43E /* AlarmTableViewController.swift */; };
		3EA46F0A23766AF70032D43E /* AlarmRecord.swift in Sources */ = {isa = PBXBuildFile; fileRef = 3EA46F0923766AF70032D43E /* AlarmRecord.swift */; };
		3EA46F0C237687A90032D43E /* AnalysisViewController.swift in Sources */ = {isa = PBXBuildFile; fileRef = 3EA46F0B237687A90032D43E /* AnalysisViewController.swift */; };
		C879FBB37541FCA0DD823513 /* Pods_ElderlyCare.framework in Frameworks */ = {isa = PBXBuildFile; fileRef = AB5A7AEF62AFA6C9444E5FDB /* Pods_ElderlyCare.framework */; };
/* End PBXBuildFile section */

/* Begin PBXFileReference section */
		3E2273B0236AAC4200479E8D /* ElderlyCare.app */ = {isa = PBXFileReference; explicitFileType = wrapper.application; includeInIndex = 0; path = ElderlyCare.app; sourceTree = BUILT_PRODUCTS_DIR; };
		3E2273B3236AAC4200479E8D /* AppDelegate.swift */ = {isa = PBXFileReference; lastKnownFileType = sourcecode.swift; path = AppDelegate.swift; sourceTree = "<group>"; };
		3E2273B5236AAC4200479E8D /* SceneDelegate.swift */ = {isa = PBXFileReference; lastKnownFileType = sourcecode.swift; path = SceneDelegate.swift; sourceTree = "<group>"; };
		3E2273B7236AAC4200479E8D /* ViewController.swift */ = {isa = PBXFileReference; lastKnownFileType = sourcecode.swift; path = ViewController.swift; sourceTree = "<group>"; };
		3E2273BA236AAC4200479E8D /* Base */ = {isa = PBXFileReference; lastKnownFileType = file.storyboard; name = Base; path = Base.lproj/Main.storyboard; sourceTree = "<group>"; };
		3E2273BC236AAC4300479E8D /* Assets.xcassets */ = {isa = PBXFileReference; lastKnownFileType = folder.assetcatalog; path = Assets.xcassets; sourceTree = "<group>"; };
		3E2273BF236AAC4300479E8D /* Base */ = {isa = PBXFileReference; lastKnownFileType = file.storyboard; name = Base; path = Base.lproj/LaunchScreen.storyboard; sourceTree = "<group>"; };
		3E2273C1236AAC4300479E8D /* Info.plist */ = {isa = PBXFileReference; lastKnownFileType = text.plist.xml; path = Info.plist; sourceTree = "<group>"; };
		3E2273C7236AB25F00479E8D /* CardView.swift */ = {isa = PBXFileReference; lastKnownFileType = sourcecode.swift; path = CardView.swift; sourceTree = "<group>"; };
		3EA46EF0236E82AA0032D43E /* GPSLocation.swift */ = {isa = PBXFileReference; lastKnownFileType = sourcecode.swift; path = GPSLocation.swift; sourceTree = "<group>"; };
		3EA46EF3236E833A0032D43E /* FirebaseController.swift */ = {isa = PBXFileReference; lastKnownFileType = sourcecode.swift; path = FirebaseController.swift; sourceTree = "<group>"; };
		3EA46EF5236E83AD0032D43E /* DatabaseProtocol.swift */ = {isa = PBXFileReference; lastKnownFileType = sourcecode.swift; path = DatabaseProtocol.swift; sourceTree = "<group>"; };
		3EA46EF7236E85150032D43E /* MulticastDelegate.swift */ = {isa = PBXFileReference; lastKnownFileType = sourcecode.swift; path = MulticastDelegate.swift; sourceTree = "<group>"; };
		3EA46EF9236E9EB40032D43E /* LocationViewController.swift */ = {isa = PBXFileReference; lastKnownFileType = sourcecode.swift; path = LocationViewController.swift; sourceTree = "<group>"; };
		3EA46EFB236EA3E10032D43E /* LocationAnnotation.swift */ = {isa = PBXFileReference; lastKnownFileType = sourcecode.swift; path = LocationAnnotation.swift; sourceTree = "<group>"; };
		3EA46EFD236ED2200032D43E /* GoogleService-Info.plist */ = {isa = PBXFileReference; fileEncoding = 4; lastKnownFileType = text.plist.xml; path = "GoogleService-Info.plist"; sourceTree = "<group>"; };
		3EA46F01237657770032D43E /* HistoryViewController.swift */ = {isa = PBXFileReference; lastKnownFileType = sourcecode.swift; path = HistoryViewController.swift; sourceTree = "<group>"; };
		3EA46F052376650C0032D43E /* AlarmTableViewCell.swift */ = {isa = PBXFileReference; lastKnownFileType = sourcecode.swift; path = AlarmTableViewCell.swift; sourceTree = "<group>"; };
		3EA46F07237665520032D43E /* AlarmTableViewController.swift */ = {isa = PBXFileReference; lastKnownFileType = sourcecode.swift; path = AlarmTableViewController.swift; sourceTree = "<group>"; };
		3EA46F0923766AF70032D43E /* AlarmRecord.swift */ = {isa = PBXFileReference; lastKnownFileType = sourcecode.swift; path = AlarmRecord.swift; sourceTree = "<group>"; };
		3EA46F0B237687A90032D43E /* AnalysisViewController.swift */ = {isa = PBXFileReference; lastKnownFileType = sourcecode.swift; path = AnalysisViewController.swift; sourceTree = "<group>"; };
		563C83D2890B5E7262467252 /* Pods-ElderlyCare.release.xcconfig */ = {isa = PBXFileReference; includeInIndex = 1; lastKnownFileType = text.xcconfig; name = "Pods-ElderlyCare.release.xcconfig"; path = "Target Support Files/Pods-ElderlyCare/Pods-ElderlyCare.release.xcconfig"; sourceTree = "<group>"; };
		6F37177862684048A2DB8652 /* Pods-ElderlyCare.debug.xcconfig */ = {isa = PBXFileReference; includeInIndex = 1; lastKnownFileType = text.xcconfig; name = "Pods-ElderlyCare.debug.xcconfig"; path = "Target Support Files/Pods-ElderlyCare/Pods-ElderlyCare.debug.xcconfig"; sourceTree = "<group>"; };
		AB5A7AEF62AFA6C9444E5FDB /* Pods_ElderlyCare.framework */ = {isa = PBXFileReference; explicitFileType = wrapper.framework; includeInIndex = 0; path = Pods_ElderlyCare.framework; sourceTree = BUILT_PRODUCTS_DIR; };
/* End PBXFileReference section */

/* Begin PBXFrameworksBuildPhase section */
		3E2273AD236AAC4200479E8D /* Frameworks */ = {
			isa = PBXFrameworksBuildPhase;
			buildActionMask = 2147483647;
			files = (
				C879FBB37541FCA0DD823513 /* Pods_ElderlyCare.framework in Frameworks */,
			);
			runOnlyForDeploymentPostprocessing = 0;
		};
/* End PBXFrameworksBuildPhase section */

/* Begin PBXGroup section */
		3E2273A7236AAC4200479E8D = {
			isa = PBXGroup;
			children = (
				3E2273B2236AAC4200479E8D /* ElderlyCare */,
				3E2273B1236AAC4200479E8D /* Products */,
				6A8854A3514BEDB9886ED25D /* Pods */,
				7DAF9D0D17A380C5E5603680 /* Frameworks */,
			);
			sourceTree = "<group>";
		};
		3E2273B1236AAC4200479E8D /* Products */ = {
			isa = PBXGroup;
			children = (
				3E2273B0236AAC4200479E8D /* ElderlyCare.app */,
			);
			name = Products;
			sourceTree = "<group>";
		};
		3E2273B2236AAC4200479E8D /* ElderlyCare */ = {
			isa = PBXGroup;
			children = (
				3EA46EF2236E83050032D43E /* Database */,
				3EA46EEF236E828E0032D43E /* DataModel */,
				3E2273B3236AAC4200479E8D /* AppDelegate.swift */,
				3E2273B5236AAC4200479E8D /* SceneDelegate.swift */,
				3E2273B7236AAC4200479E8D /* ViewController.swift */,
				3E2273B9236AAC4200479E8D /* Main.storyboard */,
				3E2273BC236AAC4300479E8D /* Assets.xcassets */,
				3E2273BE236AAC4300479E8D /* LaunchScreen.storyboard */,
				3E2273C1236AAC4300479E8D /* Info.plist */,
				3E2273C7236AB25F00479E8D /* CardView.swift */,
				3EA46EFD236ED2200032D43E /* GoogleService-Info.plist */,
				3EA46EF9236E9EB40032D43E /* LocationViewController.swift */,
				3EA46EFB236EA3E10032D43E /* LocationAnnotation.swift */,
				3EA46F01237657770032D43E /* HistoryViewController.swift */,
				3EA46F052376650C0032D43E /* AlarmTableViewCell.swift */,
				3EA46F07237665520032D43E /* AlarmTableViewController.swift */,
				3EA46F0B237687A90032D43E /* AnalysisViewController.swift */,
			);
			path = ElderlyCare;
			sourceTree = "<group>";
		};
		3EA46EEF236E828E0032D43E /* DataModel */ = {
			isa = PBXGroup;
			children = (
				3EA46EF0236E82AA0032D43E /* GPSLocation.swift */,
				3EA46F0923766AF70032D43E /* AlarmRecord.swift */,
			);
			path = DataModel;
			sourceTree = "<group>";
		};
		3EA46EF2236E83050032D43E /* Database */ = {
			isa = PBXGroup;
			children = (
				3EA46EF3236E833A0032D43E /* FirebaseController.swift */,
				3EA46EF5236E83AD0032D43E /* DatabaseProtocol.swift */,
				3EA46EF7236E85150032D43E /* MulticastDelegate.swift */,
			);
			path = Database;
			sourceTree = "<group>";
		};
		6A8854A3514BEDB9886ED25D /* Pods */ = {
			isa = PBXGroup;
			children = (
				6F37177862684048A2DB8652 /* Pods-ElderlyCare.debug.xcconfig */,
				563C83D2890B5E7262467252 /* Pods-ElderlyCare.release.xcconfig */,
			);
			path = Pods;
			sourceTree = "<group>";
		};
		7DAF9D0D17A380C5E5603680 /* Frameworks */ = {
			isa = PBXGroup;
			children = (
				AB5A7AEF62AFA6C9444E5FDB /* Pods_ElderlyCare.framework */,
			);
			name = Frameworks;
			sourceTree = "<group>";
		};
/* End PBXGroup section */

/* Begin PBXNativeTarget section */
		3E2273AF236AAC4200479E8D /* ElderlyCare */ = {
			isa = PBXNativeTarget;
			buildConfigurationList = 3E2273C4236AAC4300479E8D /* Build configuration list for PBXNativeTarget "ElderlyCare" */;
			buildPhases = (
				6883F83EA295194A16D0D8FD /* [CP] Check Pods Manifest.lock */,
				3E2273AC236AAC4200479E8D /* Sources */,
				3E2273AD236AAC4200479E8D /* Frameworks */,
				3E2273AE236AAC4200479E8D /* Resources */,
				629090F7AF58808504861E12 /* [CP] Embed Pods Frameworks */,
			);
			buildRules = (
			);
			dependencies = (
			);
			name = ElderlyCare;
			productName = ElderlyCare;
			productReference = 3E2273B0236AAC4200479E8D /* ElderlyCare.app */;
			productType = "com.apple.product-type.application";
		};
/* End PBXNativeTarget section */

/* Begin PBXProject section */
		3E2273A8236AAC4200479E8D /* Project object */ = {
			isa = PBXProject;
			attributes = {
				LastSwiftUpdateCheck = 1110;
				LastUpgradeCheck = 1110;
				ORGANIZATIONNAME = "Lu Yang";
				TargetAttributes = {
					3E2273AF236AAC4200479E8D = {
						CreatedOnToolsVersion = 11.1;
					};
				};
			};
			buildConfigurationList = 3E2273AB236AAC4200479E8D /* Build configuration list for PBXProject "ElderlyCare" */;
			compatibilityVersion = "Xcode 9.3";
			developmentRegion = en;
			hasScannedForEncodings = 0;
			knownRegions = (
				en,
				Base,
			);
			mainGroup = 3E2273A7236AAC4200479E8D;
			productRefGroup = 3E2273B1236AAC4200479E8D /* Products */;
			projectDirPath = "";
			projectRoot = "";
			targets = (
				3E2273AF236AAC4200479E8D /* ElderlyCare */,
			);
		};
/* End PBXProject section */

/* Begin PBXResourcesBuildPhase section */
		3E2273AE236AAC4200479E8D /* Resources */ = {
			isa = PBXResourcesBuildPhase;
			buildActionMask = 2147483647;
			files = (
				3E2273C0236AAC4300479E8D /* LaunchScreen.storyboard in Resources */,
				3EA46EFE236ED2200032D43E /* GoogleService-Info.plist in Resources */,
				3E2273BD236AAC4300479E8D /* Assets.xcassets in Resources */,
				3E2273BB236AAC4200479E8D /* Main.storyboard in Resources */,
			);
			runOnlyForDeploymentPostprocessing = 0;
		};
/* End PBXResourcesBuildPhase section */

/* Begin PBXShellScriptBuildPhase section */
		629090F7AF58808504861E12 /* [CP] Embed Pods Frameworks */ = {
			isa = PBXShellScriptBuildPhase;
			buildActionMask = 2147483647;
			files = (
			);
			inputFileListPaths = (
				"${PODS_ROOT}/Target Support Files/Pods-ElderlyCare/Pods-ElderlyCare-frameworks-${CONFIGURATION}-input-files.xcfilelist",
			);
			name = "[CP] Embed Pods Frameworks";
			outputFileListPaths = (
				"${PODS_ROOT}/Target Support Files/Pods-ElderlyCare/Pods-ElderlyCare-frameworks-${CONFIGURATION}-output-files.xcfilelist",
			);
			runOnlyForDeploymentPostprocessing = 0;
			shellPath = /bin/sh;
			shellScript = "\"${PODS_ROOT}/Target Support Files/Pods-ElderlyCare/Pods-ElderlyCare-frameworks.sh\"\n";
			showEnvVarsInLog = 0;
		};
		6883F83EA295194A16D0D8FD /* [CP] Check Pods Manifest.lock */ = {
			isa = PBXShellScriptBuildPhase;
			buildActionMask = 2147483647;
			files = (
			);
			inputFileListPaths = (
			);
			inputPaths = (
				"${PODS_PODFILE_DIR_PATH}/Podfile.lock",
				"${PODS_ROOT}/Manifest.lock",
			);
			name = "[CP] Check Pods Manifest.lock";
			outputFileListPaths = (
			);
			outputPaths = (
				"$(DERIVED_FILE_DIR)/Pods-ElderlyCare-checkManifestLockResult.txt",
			);
			runOnlyForDeploymentPostprocessing = 0;
			shellPath = /bin/sh;
			shellScript = "diff \"${PODS_PODFILE_DIR_PATH}/Podfile.lock\" \"${PODS_ROOT}/Manifest.lock\" > /dev/null\nif [ $? != 0 ] ; then\n    # print error to STDERR\n    echo \"error: The sandbox is not in sync with the Podfile.lock. Run 'pod install' or update your CocoaPods installation.\" >&2\n    exit 1\nfi\n# This output is used by Xcode 'outputs' to avoid re-running this script phase.\necho \"SUCCESS\" > \"${SCRIPT_OUTPUT_FILE_0}\"\n";
			showEnvVarsInLog = 0;
		};
/* End PBXShellScriptBuildPhase section */

/* Begin PBXSourcesBuildPhase section */
		3E2273AC236AAC4200479E8D /* Sources */ = {
			isa = PBXSourcesBuildPhase;
			buildActionMask = 2147483647;
			files = (
				3EA46EF4236E833A0032D43E /* FirebaseController.swift in Sources */,
				3E2273B8236AAC4200479E8D /* ViewController.swift in Sources */,
				3E2273B4236AAC4200479E8D /* AppDelegate.swift in Sources */,
				3EA46EF8236E85150032D43E /* MulticastDelegate.swift in Sources */,
				3E2273C8236AB26000479E8D /* CardView.swift in Sources */,
				3EA46F02237657770032D43E /* HistoryViewController.swift in Sources */,
				3EA46F0A23766AF70032D43E /* AlarmRecord.swift in Sources */,
				3E2273B6236AAC4200479E8D /* SceneDelegate.swift in Sources */,
				3EA46EFA236E9EB40032D43E /* LocationViewController.swift in Sources */,
				3EA46EF1236E82AA0032D43E /* GPSLocation.swift in Sources */,
				3EA46EF6236E83AD0032D43E /* DatabaseProtocol.swift in Sources */,
				3EA46F08237665520032D43E /* AlarmTableViewController.swift in Sources */,
				3EA46EFC236EA3E10032D43E /* LocationAnnotation.swift in Sources */,
				3EA46F062376650C0032D43E /* AlarmTableViewCell.swift in Sources */,
				3EA46F0C237687A90032D43E /* AnalysisViewController.swift in Sources */,
			);
			runOnlyForDeploymentPostprocessing = 0;
		};
/* End PBXSourcesBuildPhase section */

/* Begin PBXVariantGroup section */
		3E2273B9236AAC4200479E8D /* Main.storyboard */ = {
			isa = PBXVariantGroup;
			children = (
				3E2273BA236AAC4200479E8D /* Base */,
			);
			name = Main.storyboard;
			sourceTree = "<group>";
		};
		3E2273BE236AAC4300479E8D /* LaunchScreen.storyboard */ = {
			isa = PBXVariantGroup;
			children = (
				3E2273BF236AAC4300479E8D /* Base */,
			);
			name = LaunchScreen.storyboard;
			sourceTree = "<group>";
		};
/* End PBXVariantGroup section */

/* Begin XCBuildConfiguration section */
		3E2273C2236AAC4300479E8D /* Debug */ = {
			isa = XCBuildConfiguration;
			buildSettings = {
				ALWAYS_SEARCH_USER_PATHS = NO;
				CLANG_ANALYZER_NONNULL = YES;
				CLANG_ANALYZER_NUMBER_OBJECT_CONVERSION = YES_AGGRESSIVE;
				CLANG_CXX_LANGUAGE_STANDARD = "gnu++14";
				CLANG_CXX_LIBRARY = "libc++";
				CLANG_ENABLE_MODULES = YES;
				CLANG_ENABLE_OBJC_ARC = YES;
				CLANG_ENABLE_OBJC_WEAK = YES;
				CLANG_WARN_BLOCK_CAPTURE_AUTORELEASING = YES;
				CLANG_WARN_BOOL_CONVERSION = YES;
				CLANG_WARN_COMMA = YES;
				CLANG_WARN_CONSTANT_CONVERSION = YES;
				CLANG_WARN_DEPRECATED_OBJC_IMPLEMENTATIONS = YES;
				CLANG_WARN_DIRECT_OBJC_ISA_USAGE = YES_ERROR;
				CLANG_WARN_DOCUMENTATION_COMMENTS = YES;
				CLANG_WARN_EMPTY_BODY = YES;
				CLANG_WARN_ENUM_CONVERSION = YES;
				CLANG_WARN_INFINITE_RECURSION = YES;
				CLANG_WARN_INT_CONVERSION = YES;
				CLANG_WARN_NON_LITERAL_NULL_CONVERSION = YES;
				CLANG_WARN_OBJC_IMPLICIT_RETAIN_SELF = YES;
				CLANG_WARN_OBJC_LITERAL_CONVERSION = YES;
				CLANG_WARN_OBJC_ROOT_CLASS = YES_ERROR;
				CLANG_WARN_RANGE_LOOP_ANALYSIS = YES;
				CLANG_WARN_STRICT_PROTOTYPES = YES;
				CLANG_WARN_SUSPICIOUS_MOVE = YES;
				CLANG_WARN_UNGUARDED_AVAILABILITY = YES_AGGRESSIVE;
				CLANG_WARN_UNREACHABLE_CODE = YES;
				CLANG_WARN__DUPLICATE_METHOD_MATCH = YES;
				COPY_PHASE_STRIP = NO;
				DEBUG_INFORMATION_FORMAT = dwarf;
				ENABLE_STRICT_OBJC_MSGSEND = YES;
				ENABLE_TESTABILITY = YES;
				GCC_C_LANGUAGE_STANDARD = gnu11;
				GCC_DYNAMIC_NO_PIC = NO;
				GCC_NO_COMMON_BLOCKS = YES;
				GCC_OPTIMIZATION_LEVEL = 0;
				GCC_PREPROCESSOR_DEFINITIONS = (
					"DEBUG=1",
					"$(inherited)",
				);
				GCC_WARN_64_TO_32_BIT_CONVERSION = YES;
				GCC_WARN_ABOUT_RETURN_TYPE = YES_ERROR;
				GCC_WARN_UNDECLARED_SELECTOR = YES;
				GCC_WARN_UNINITIALIZED_AUTOS = YES_AGGRESSIVE;
				GCC_WARN_UNUSED_FUNCTION = YES;
				GCC_WARN_UNUSED_VARIABLE = YES;
				IPHONEOS_DEPLOYMENT_TARGET = 13.1;
				MTL_ENABLE_DEBUG_INFO = INCLUDE_SOURCE;
				MTL_FAST_MATH = YES;
				ONLY_ACTIVE_ARCH = YES;
				SDKROOT = iphoneos;
				SWIFT_ACTIVE_COMPILATION_CONDITIONS = DEBUG;
				SWIFT_OPTIMIZATION_LEVEL = "-Onone";
			};
			name = Debug;
		};
		3E2273C3236AAC4300479E8D /* Release */ = {
			isa = XCBuildConfiguration;
			buildSettings = {
				ALWAYS_SEARCH_USER_PATHS = NO;
				CLANG_ANALYZER_NONNULL = YES;
				CLANG_ANALYZER_NUMBER_OBJECT_CONVERSION = YES_AGGRESSIVE;
				CLANG_CXX_LANGUAGE_STANDARD = "gnu++14";
				CLANG_CXX_LIBRARY = "libc++";
				CLANG_ENABLE_MODULES = YES;
				CLANG_ENABLE_OBJC_ARC = YES;
				CLANG_ENABLE_OBJC_WEAK = YES;
				CLANG_WARN_BLOCK_CAPTURE_AUTORELEASING = YES;
				CLANG_WARN_BOOL_CONVERSION = YES;
				CLANG_WARN_COMMA = YES;
				CLANG_WARN_CONSTANT_CONVERSION = YES;
				CLANG_WARN_DEPRECATED_OBJC_IMPLEMENTATIONS = YES;
				CLANG_WARN_DIRECT_OBJC_ISA_USAGE = YES_ERROR;
				CLANG_WARN_DOCUMENTATION_COMMENTS = YES;
				CLANG_WARN_EMPTY_BODY = YES;
				CLANG_WARN_ENUM_CONVERSION = YES;
				CLANG_WARN_INFINITE_RECURSION = YES;
				CLANG_WARN_INT_CONVERSION = YES;
				CLANG_WARN_NON_LITERAL_NULL_CONVERSION = YES;
				CLANG_WARN_OBJC_IMPLICIT_RETAIN_SELF = YES;
				CLANG_WARN_OBJC_LITERAL_CONVERSION = YES;
				CLANG_WARN_OBJC_ROOT_CLASS = YES_ERROR;
				CLANG_WARN_RANGE_LOOP_ANALYSIS = YES;
				CLANG_WARN_STRICT_PROTOTYPES = YES;
				CLANG_WARN_SUSPICIOUS_MOVE = YES;
				CLANG_WARN_UNGUARDED_AVAILABILITY = YES_AGGRESSIVE;
				CLANG_WARN_UNREACHABLE_CODE = YES;
				CLANG_WARN__DUPLICATE_METHOD_MATCH = YES;
				COPY_PHASE_STRIP = NO;
				DEBUG_INFORMATION_FORMAT = "dwarf-with-dsym";
				ENABLE_NS_ASSERTIONS = NO;
				ENABLE_STRICT_OBJC_MSGSEND = YES;
				GCC_C_LANGUAGE_STANDARD = gnu11;
				GCC_NO_COMMON_BLOCKS = YES;
				GCC_WARN_64_TO_32_BIT_CONVERSION = YES;
				GCC_WARN_ABOUT_RETURN_TYPE = YES_ERROR;
				GCC_WARN_UNDECLARED_SELECTOR = YES;
				GCC_WARN_UNINITIALIZED_AUTOS = YES_AGGRESSIVE;
				GCC_WARN_UNUSED_FUNCTION = YES;
				GCC_WARN_UNUSED_VARIABLE = YES;
				IPHONEOS_DEPLOYMENT_TARGET = 13.1;
				MTL_ENABLE_DEBUG_INFO = NO;
				MTL_FAST_MATH = YES;
				SDKROOT = iphoneos;
				SWIFT_COMPILATION_MODE = wholemodule;
				SWIFT_OPTIMIZATION_LEVEL = "-O";
				VALIDATE_PRODUCT = YES;
			};
			name = Release;
		};
		3E2273C5236AAC4300479E8D /* Debug */ = {
			isa = XCBuildConfiguration;
			baseConfigurationReference = 6F37177862684048A2DB8652 /* Pods-ElderlyCare.debug.xcconfig */;
			buildSettings = {
				ASSETCATALOG_COMPILER_APPICON_NAME = AppIcon;
				CODE_SIGN_STYLE = Automatic;
				DEVELOPMENT_TEAM = MCNVZ8WK6A;
				INFOPLIST_FILE = ElderlyCare/Info.plist;
				LD_RUNPATH_SEARCH_PATHS = (
					"$(inherited)",
					"@executable_path/Frameworks",
				);
				PRODUCT_BUNDLE_IDENTIFIER = yalu.ElderlyCare;
				PRODUCT_NAME = "$(TARGET_NAME)";
				SWIFT_VERSION = 5.0;
				TARGETED_DEVICE_FAMILY = "1,2";
			};
			name = Debug;
		};
		3E2273C6236AAC4300479E8D /* Release */ = {
			isa = XCBuildConfiguration;
			baseConfigurationReference = 563C83D2890B5E7262467252 /* Pods-ElderlyCare.release.xcconfig */;
			buildSettings = {
				ASSETCATALOG_COMPILER_APPICON_NAME = AppIcon;
				CODE_SIGN_STYLE = Automatic;
				DEVELOPMENT_TEAM = MCNVZ8WK6A;
				INFOPLIST_FILE = ElderlyCare/Info.plist;
				LD_RUNPATH_SEARCH_PATHS = (
					"$(inherited)",
					"@executable_path/Frameworks",
				);
				PRODUCT_BUNDLE_IDENTIFIER = yalu.ElderlyCare;
				PRODUCT_NAME = "$(TARGET_NAME)";
				SWIFT_VERSION = 5.0;
				TARGETED_DEVICE_FAMILY = "1,2";
			};
			name = Release;
		};
/* End XCBuildConfiguration section */

/* Begin XCConfigurationList section */
		3E2273AB236AAC4200479E8D /* Build configuration list for PBXProject "ElderlyCare" */ = {
			isa = XCConfigurationList;
			buildConfigurations = (
				3E2273C2236AAC4300479E8D /* Debug */,
				3E2273C3236AAC4300479E8D /* Release */,
			);
			defaultConfigurationIsVisible = 0;
			defaultConfigurationName = Release;
		};
		3E2273C4236AAC4300479E8D /* Build configuration list for PBXNativeTarget "ElderlyCare" */ = {
			isa = XCConfigurationList;
			buildConfigurations = (
				3E2273C5236AAC4300479E8D /* Debug */,
				3E2273C6236AAC4300479E8D /* Release */,
			);
			defaultConfigurationIsVisible = 0;
			defaultConfigurationName = Release;
		};
/* End XCConfigurationList section */
	};
	rootObject = 3E2273A8236AAC4200479E8D /* Project object */;
}
